github.com/DATA-DOG/go-sqlmock v1.5.2 h1:OcvFkGmslmlZibjAjaHm3L//6LiuBgolP7OputlJIzU=
github.com/DATA-DOG/go-sqlmock v1.5.2/go.mod h1:88MAG/4G7SMwSE3CeA0ZKzrT5CiOU3OJ+JlNzwDqpNU=
github.com/alecthomas/assert/v2 v2.10.0 h1:jjRCHsj6hBJhkmhznrCzoNpbA3zqy0fYiUcYZP/GkPY=
github.com/alecthomas/assert/v2 v2.10.0/go.mod h1:Bze95FyfUr7x34QZrjL+XP+0qgp/zg8yS+TtBj1WA3k=
github.com/alecthomas/repr v0.4.0 h1:GhI2A8MACjfegCPVq9f1FLvIBS+DrQ2KQBFZP1iFzXc=
github.com/alecthomas/repr v0.4.0/go.mod h1:Fr0507jx4eOXV7AlPV6AVZLYrLIuIeSOWtW57eE/O/4=
github.com/andybalholm/brotli v1.1.1 h1:PR2pgnyFznKEugtsUo0xLdDop5SKXd5Qf5ysW+7XdTA=
github.com/andybalholm/brotli v1.1.1/go.mod h1:05ib4cKhjx3OQYUY22hTVd34Bc8upXjOLL2rKwwZBoA=
github.com/aws/aws-lambda-go v1.41.0 h1:l/5fyVb6Ud9uYd411xdHZzSf2n86TakxzpvIoz7l+3Y=
github.com/aws/aws-lambda-go v1.41.0/go.mod h1:jwFe2KmMsHmffA1X2R09hH6lFzJQxzI8qK17ewzbQMM=
github.com/aws/aws-sdk-go-v2 v1.45.1 h1:iIoG3NaLhV6UZpPXyPXlDj2I9oS8tV/nMcMnITCC6Ks=
github.com/aws/aws-sdk-go-v2 v1.45.1/go.mod h1:bttEH6JqnUL8LepvDVfdrds/fZ5bCIxzpe3abyUrhDU=
github.com/aws/aws-sdk-go-v2/aws/protocol/eventstream v1.7.20 h1:GPRlPwz40I2B2VrBEASOA3Bi77NyeqejNLkifosX0rs=
github.com/aws/aws-sdk-go-v2/aws/protocol/eventstream v1.7.20/go.mod h1:g7PNzKcsOKWb4fkSRBA7BZVAS6Y8IcxzN+nRohhQ1Q8=
github.com/aws/aws-sdk-go-v2/config v1.33.2 h1:Pj4+nF2kc4Z+1BJysVPnX9d5dMN7IYFXR4UJaWK2IpA=
github.com/aws/aws-sdk-go-v2/config v1.33.2/go.mod h1:Igw+HTwbR2tsTU/ydifAS9EHAFJ2s/FCgkwQWFnAdE4=
github.com/aws/aws-sdk-go-v2/credentials v1.20.2 h1:VQjZODPNfdikCX2ZZrltw4zNLkcwjyUFDUl2vT9yTwg=
github.com/aws/aws-sdk-go-v2/credentials v1.20.2/go.mod h1:OmeHCn28vZylsBvalLDf7t8fuJ2rHYQprJs+7WuxniI=
github.com/aws/aws-sdk-go-v2/feature/ec2/imds v1.19.1 h1:YIEBqcqRnpi4Pfv0YHImtgi6czGCwKHANC7SwmUAVD0=
github.com/aws/aws-sdk-go-v2/feature/ec2/imds v1.19.1/go.mod h1:imEf0oufgAo8KAkCHhrOdqGEC0YWx1PPBQH82shSxGw=
github.com/aws/aws-sdk-go-v2/internal/configsources v1.5.1 h1:pc138gM1CW+XPc60rEwUlwwuwWFQK16CI1T7v1F9Oec=
github.com/aws/aws-sdk-go-v2/internal/configsources v1.5.1/go.mod h1:1+koxpPIbfBdfzP6vojm5/zTpTQ/micYwlxIiNB3TxI=
github.com/aws/aws-sdk-go-v2/internal/endpoints/v2 v2.8.1 h1:K0JsbZQj+1h208Ro1zHeA4l7bMp0NvRffHQ91q8Ol1s=
github.com/aws/aws-sdk-go-v2/internal/endpoints/v2 v2.8.1/go.mod h1:W3/vL6EtCIatICGy9ab29QhMuae+cOKPWcMxv02CO+Q=
github.com/aws/aws-sdk-go-v2/internal/v4a v1.5.1 h1:yhw5KD1phVyP9vijxOUzDfEtJx+bt+L63k+VfuiYFAA=
github.com/aws/aws-sdk-go-v2/internal/v4a v1.5.1/go.mod h1:ZW2e0d7DYlRxlS9hEiMXE47gTdX5KRN4byUiNbUpG+Q=
github.com/aws/aws-sdk-go-v2/service/internal/accept-encoding v1.13.19 h1:bAdDl/HkGCcGPoe25ToSHEw23VIxt6CT5fLcg111BKg=
github.com/aws/aws-sdk-go-v2/service/internal/accept-encoding v1.13.19/go.mod h1:KaUzbLxv4CeSxh6ZCl9B4m7CuFenS8kUEaDs+f/DQr4=
github.com/aws/aws-sdk-go-v2/service/internal/checksum v1.11.1 h1:s67hBfG5t9rn1NCvDuB4E3QIep3UFhHPtaIqFDjV3N8=
github.com/aws/aws-sdk-go-v2/service/internal/checksum v1.11.1/go.mod h1:FpvjBMXtSNMLPmDJsWwcY5cRnqJlpS2y1R6n4pvzs4k=
github.com/aws/aws-sdk-go-v2/service/internal/presigned-url v1.14.1 h1:RmmWQPREQdk9U+PfqeHW3MqZaBaNK7TpV9W3RY+b+7g=
github.com/aws/aws-sdk-go-v2/service/internal/presigned-url v1.14.1/go.mod h1:0A3W4F+68ZnNk5XcNL/e9HFMwnP8RlEicFfy6eOEDyw=
github.com/aws/aws-sdk-go-v2/service/internal/s3shared v1.20.1 h1:ZMbtPZZQRca+3+XYQne9PBvRiYpHZlNJJOZfE9WNfT0=
github.com/aws/aws-sdk-go-v2/service/internal/s3shared v1.20.1/go.mod h1:YAGWQdCYlVCoqrzvfv3RLxO6zKwti7gsAULOGWPLYv4=
github.com/aws/aws-sdk-go-v2/service/s3 v1.110.0 h1:He8vaTTqAAJrux/KdpjFXNWueLJZyKqE49QEXoqAu4I=
github.com/aws/aws-sdk-go-v2/service/s3 v1.110.0/go.mod h1:CUr46sCpGAg/rHaclRyhJX0LJAmH73uWSJPPSaMUrSk=
github.com/aws/aws-sdk-go-v2/service/signin v1.8.0 h1:bSvKIoLuRGFqGwASgeCQncCJDi9YKKBDEmCEZzOX1uU=
github.com/aws/aws-sdk-go-v2/service/signin v1.8.0/go.mod h1:9IqUlsJDbUPcg6cgx3WEzXdjrbWzLDQrak0aaSqlTcI=
github.com/aws/aws-sdk-go-v2/service/sso v1.36.0 h1:iivsh357VnfIc18IFWSuoyQEluf8frfWf4cL2Y0JUQw=
github.com/aws/aws-sdk-go-v2/service/sso v1.36.0/go.mod h1:tWuiVBUtPBr8/rgRiYS8Uf85sHcAN+G7XS3D3CEoUh8=
github.com/aws/aws-sdk-go-v2/service/ssooidc v1.41.0 h1:wVxM3QzSKIK8tSN6OGgezp9OK91lCLH2zhmRInN9rFM=
github.com/aws/aws-sdk-go-v2/service/ssooidc v1.41.0/go.mod h1:naFe83jSMuYkH+QjQPX8n1MLhBkeCFM5Lsnh5m5wz3c=
github.com/aws/aws-sdk-go-v2/service/sts v1.48.0 h1:RzZVCzYM19vhJCT5s6vO2wN8ie770Li/TmbAZ9B6N7E=
github.com/aws/aws-sdk-go-v2/service/sts v1.48.0/go.mod h1:mKo/CzaCz8qytGW70NG4vIIGAx1HXTlb5lHNkC5k3lk=
github.com/aws/smithy-go v1.28.1 h1:R/nXH00c8qcfCzQVELtRw+eLQWtzv+VAIEFJ1/xxXlQ=
github.com/aws/smithy-go v1.28.1/go.mod h1:YE2RhdIuDbA5E5bTdciG9KrW3+TiEONeUWCqxX9i1Fc=
github.com/davecgh/go-spew v1.1.0/go.mod h1:J7Y8YcW2NihsgmVo/mv3lAwl/skON4iLHjSsI+c5H38=
github.com/davecgh/go-spew v1.1.1 h1:vj9j/u1bqnvCEfJOwUhtlOARqs3+rkHYY13jYWTU97c=
github.com/davecgh/go-spew v1.1.1/go.mod h1:J7Y8YcW2NihsgmVo/mv3lAwl/skON4iLHjSsI+c5H38=
github.com/divmora/license-go v0.6.0 h1:hmF64RQkX7GxNTEj+1okUmLaZLWseO7ZcgG5ha92o9A=
github.com/divmora/license-go v0.6.0/go.mod h1:wHISCzQ18JTl6eMy77sIVM7+0UZJ/gSrXov0+SqIOio=
github.com/google/go-cmp v0.5.5 h1:Khx7svrCpmxxtHBq5j2mp/xVjsi8hQMfNLvJFAlrGgU=
github.com/google/go-cmp v0.5.5/go.mod h1:v8dTdLbMG2kIc/vJvl+f65V22dbkXbowE6jgT/gNBxE=
github.com/google/uuid v1.6.0 h1:NIvaJDMOsjHA8n1jAhLSgzrAzy1Hgr+hNrb57e+94F0=
github.com/google/uuid v1.6.0/go.mod h1:TIyPZe4MgqvfeYDBFedMoGGpEw/LqOeaOT+nhxU+yHo=
github.com/hexops/gotextdiff v1.0.3 h1:gitA9+qJrrTCsiCl7+kh75nPqQt1cx4ZkudSTLoUqJM=
github.com/hexops/gotextdiff v1.0.3/go.mod h1:pSWU5MAI3yDq+fZBTazCSJysOMbxWL1BSow5/V2vxeg=
github.com/klauspost/compress v1.17.9 h1:6KIumPrER1LHsvBVuDa0r5xaG0Es51mhhB9BQB2qeMA=
github.com/klauspost/compress v1.17.9/go.mod h1:Di0epgTjJY877eYKx5yC51cX2A2Vl2ibi7bDH9ttBbw=
github.com/parquet-go/bitpack v1.0.0 h1:AUqzlKzPPXf2bCdjfj4sTeacrUwsT7NlcYDMUQxPcQA=
github.com/parquet-go/bitpack v1.0.0/go.mod h1:XnVk9TH+O40eOOmvpAVZ7K2ocQFrQwysLMnc6M/8lgs=
github.com/parquet-go/jsonlite v1.0.0 h1:87QNdi56wOfsE5bdgas0vRzHPxfJgzrXGml1zZdd7VU=
github.com/parquet-go/jsonlite v1.0.0/go.mod h1:nDjpkpL4EOtqs6NQugUsi0Rleq9sW/OtC1NnZEnxzF0=
github.com/parquet-go/parquet-go v0.30.1 h1:Oy6ganNrAdFiVwy7wNmWagfPTWA2X9Z3tVHBc7JtuX8=
github.com/parquet-go/parquet-go v0.30.1/go.mod h1:navtkAYr2LGoJVp141oXPlO/sxLvaOe3la2JEoD8+rg=
github.com/pierrec/lz4/v4 v4.1.21 h1:yOVMLb6qSIDP67pl/5F7RepeKYu/VmTyEXvuMI5d9mQ=
github.com/pierrec/lz4/v4 v4.1.21/go.mod h1:gZWDp/Ze/IJXGXf23ltt2EXimqmTUXEy0GFuRQyBid4=
github.com/pmezard/go-difflib v1.0.0 h1:4DBwDE0NGyQoBHbLQYPwSUPoCMWR5BEzIk/f1lZbAQM=
github.com/pmezard/go-difflib v1.0.0/go.mod h1:iKH77koFhYxTK1pcRnkKkqfTogsbg7gZNVY4sRDYZ/4=
github.com/stretchr/objx v0.1.0/go.mod h1:HFkY916IF+rwdDfMAkV7OtwuqBVzrE8GR6GFx+wExME=
github.com/stretchr/testify v1.7.2 h1:4jaiDzPyXQvSd7D0EjG45355tLlV3VOECpq10pLC+8s=
github.com/stretchr/testify v1.7.2/go.mod h1:R6va5+xMeoiuVRoj+gSkQ7d3FALtqAAGI1FQKckRals=
github.com/twpayne/go-geom v1.6.1 h1:iLE+Opv0Ihm/ABIcvQFGIiFBXd76oBIar9drAwHFhR4=
github.com/twpayne/go-geom v1.6.1/go.mod h1:Kr+Nly6BswFsKM5sd31YaoWS5PeDDH2NftJTK7Gd028=
github.com/xyproto/randomstring v1.0.5 h1:YtlWPoRdgMu3NZtP45drfy1GKoojuR7hmRcnhZqKjWU=
github.com/xyproto/randomstring v1.0.5/go.mod h1:rgmS5DeNXLivK7YprL0pY+lTuhNQW3iGxZ18UQApw/E=
golang.org/x/sys v0.38.0 h1:3yZWxaJjBmCWXqhN1qh02AkOnCQ1poK6oF+a7xWL6Gc=
golang.org/x/sys v0.38.0/go.mod h1:OgkHotnGiDImocRcuBABYBEXf8A9a87e/uXjp9XT3ks=
golang.org/x/xerrors v0.0.0-20191204190536-9bdfabe68543 h1:E7g+9GITq07hpfrRu66IVDexMakfv52eLZ2CXBWiKr4=
golang.org/x/xerrors v0.0.0-20191204190536-9bdfabe68543/go.mod h1:I/5z698sn9Ka8TeJc9MKroUUfqBBauWjQqLJ2OPfmY0=
google.golang.org/protobuf v1.34.2 h1:6xV6lTsCfpGD21XK49h7MhtcApnLqkfYgPcdHftf6hg=
google.golang.org/protobuf v1.34.2/go.mod h1:qYOHts0dSfpeUzUFpOMr/WGzszTmLH+DiWniOlNbLDw=
gopkg.in/check.v1 v0.0.0-20161208181325-20d25e280405 h1:yhCVgyC4o1eVCa2tZl7eS0r+SDo693bJlVdllGtEeKM=
gopkg.in/check.v1 v0.0.0-20161208181325-20d25e280405/go.mod h1:Co6ibVJAznAaIkqp8huTwlJQCZ016jof/cbN4VW5Yz0=
gopkg.in/yaml.v3 v3.0.1 h1:fxVm/GzAzEWqLHuvctI91KS9hhNmmWOoWu0XTYJS7CA=
gopkg.in/yaml.v3 v3.0.1/go.mod h1:K4uyk7z7BCEPqu6E+C64Yfv1cQ7kz7rIZviUmN+EgEM=
